// !$*UTF8*$!
{
	archiveVersion = 1;
	classes = {
	};
	objectVersion = 50;
	objects = {

/* Begin PBXBuildFile section */
		74A0F50227B23AD000159242 /* AppDelegate.swift in Sources */ = {isa = PBXBuildFile; fileRef = 74A0F50127B23AD000159242 /* AppDelegate.swift */; };
		74A0F50427B23AD000159242 /* SceneDelegate.swift in Sources */ = {isa = PBXBuildFile; fileRef = 74A0F50327B23AD000159242 /* SceneDelegate.swift */; };
		74A0F50627B23AD000159242 /* MovieListViewController.swift in Sources */ = {isa = PBXBuildFile; fileRef = 74A0F50527B23AD000159242 /* MovieListViewController.swift */; };
		74A0F50B27B23AD200159242 /* Assets.xcassets in Resources */ = {isa = PBXBuildFile; fileRef = 74A0F50A27B23AD200159242 /* Assets.xcassets */; };
		74A0F52027B25F9B00159242 /* MoviesCollectionCell.swift in Sources */ = {isa = PBXBuildFile; fileRef = 74A0F51F27B25F9B00159242 /* MoviesCollectionCell.swift */; };
		74A0F52327B2835C00159242 /* Movie.swift in Sources */ = {isa = PBXBuildFile; fileRef = 74A0F52227B2835C00159242 /* Movie.swift */; };
		74A0F52627B2A07D00159242 /* Constants.swift in Sources */ = {isa = PBXBuildFile; fileRef = 74A0F52527B2A07D00159242 /* Constants.swift */; };
		74A0F52827B2A38200159242 /* NetworkManager.swift in Sources */ = {isa = PBXBuildFile; fileRef = 74A0F52727B2A38200159242 /* NetworkManager.swift */; };
		74A0F52A27B2A52E00159242 /* MovieError.swift in Sources */ = {isa = PBXBuildFile; fileRef = 74A0F52927B2A52E00159242 /* MovieError.swift */; };
		74AA4DE227BA940E0027A9A6 /* DetailMovieViewController.swift in Sources */ = {isa = PBXBuildFile; fileRef = 74AA4DE127BA940E0027A9A6 /* DetailMovieViewController.swift */; };
		74AAD18C27BE3BDC0010F7C3 /* MovieInfoStackView.swift in Sources */ = {isa = PBXBuildFile; fileRef = 74AAD18B27BE3BDC0010F7C3 /* MovieInfoStackView.swift */; };
		74AAD18E27BE47CA0010F7C3 /* SeperatorView.swift in Sources */ = {isa = PBXBuildFile; fileRef = 74AAD18D27BE47CA0010F7C3 /* SeperatorView.swift */; };
		74AAD19027BE54D40010F7C3 /* MoviewCrewStackView.swift in Sources */ = {isa = PBXBuildFile; fileRef = 74AAD18F27BE54D40010F7C3 /* MoviewCrewStackView.swift */; };
		74ABAA8B27B3A65200A18CC1 /* MovieListViewModel.swift in Sources */ = {isa = PBXBuildFile; fileRef = 74ABAA8A27B3A65200A18CC1 /* MovieListViewModel.swift */; };
		74ABAA8F27B3B8A100A18CC1 /* MovieTableViewCell.swift in Sources */ = {isa = PBXBuildFile; fileRef = 74ABAA8E27B3B8A100A18CC1 /* MovieTableViewCell.swift */; };
		74ABAA9127B3B8DA00A18CC1 /* MovieTableViewCellViewModel.swift in Sources */ = {isa = PBXBuildFile; fileRef = 74ABAA9027B3B8DA00A18CC1 /* MovieTableViewCellViewModel.swift */; };
		74ABAA9527B3C5DB00A18CC1 /* ImageManager.swift in Sources */ = {isa = PBXBuildFile; fileRef = 74ABAA9427B3C5DB00A18CC1 /* ImageManager.swift */; };
		74ABAA9727B3C9A700A18CC1 /* MovieCollectionViewCellViewModel.swift in Sources */ = {isa = PBXBuildFile; fileRef = 74ABAA9627B3C9A700A18CC1 /* MovieCollectionViewCellViewModel.swift */; };
		74ADA1CC27BCD35B001E29F8 /* UITableView + Extension.swift in Sources */ = {isa = PBXBuildFile; fileRef = 74ADA1CB27BCD35B001E29F8 /* UITableView + Extension.swift */; };
		74ADA1D227BD0597001E29F8 /* UICollectionView + Extension.swift in Sources */ = {isa = PBXBuildFile; fileRef = 74ADA1D127BD0597001E29F8 /* UICollectionView + Extension.swift */; };
		74AECA7427BF873000B5D32E /* TrailerVStackView.swift in Sources */ = {isa = PBXBuildFile; fileRef = 74AECA7327BF873000B5D32E /* TrailerVStackView.swift */; };
		74AECA7627BF990900B5D32E /* TrailerHStackView.swift in Sources */ = {isa = PBXBuildFile; fileRef = 74AECA7527BF990900B5D32E /* TrailerHStackView.swift */; };
		74AECA7827BFB0C800B5D32E /* WrapperView.swift in Sources */ = {isa = PBXBuildFile; fileRef = 74AECA7727BFB0C800B5D32E /* WrapperView.swift */; };
		74B6616427BBA78800DA1143 /* DetailMovieViewControllerViewModel.swift in Sources */ = {isa = PBXBuildFile; fileRef = 74B6616327BBA78800DA1143 /* DetailMovieViewControllerViewModel.swift */; };
/* End PBXBuildFile section */

/* Begin PBXFileReference section */
		74A0F4FE27B23AD000159242 /* MovieApp.app */ = {isa = PBXFileReference; explicitFileType = wrapper.application; includeInIndex = 0; path = MovieApp.app; sourceTree = BUILT_PRODUCTS_DIR; };
		74A0F50127B23AD000159242 /* AppDelegate.swift */ = {isa = PBXFileReference; lastKnownFileType = sourcecode.swift; path = AppDelegate.swift; sourceTree = "<group>"; };
		74A0F50327B23AD000159242 /* SceneDelegate.swift */ = {isa = PBXFileReference; lastKnownFileType = sourcecode.swift; path = SceneDelegate.swift; sourceTree = "<group>"; };
		74A0F50527B23AD000159242 /* MovieListViewController.swift */ = {isa = PBXFileReference; lastKnownFileType = sourcecode.swift; path = MovieListViewController.swift; sourceTree = "<group>"; };
		74A0F50A27B23AD200159242 /* Assets.xcassets */ = {isa = PBXFileReference; lastKnownFileType = folder.assetcatalog; path = Assets.xcassets; sourceTree = "<group>"; };
		74A0F50F27B23AD200159242 /* Info.plist */ = {isa = PBXFileReference; lastKnownFileType = text.plist.xml; path = Info.plist; sourceTree = "<group>"; };
		74A0F51F27B25F9B00159242 /* MoviesCollectionCell.swift */ = {isa = PBXFileReference; lastKnownFileType = sourcecode.swift; path = MoviesCollectionCell.swift; sourceTree = "<group>"; };
		74A0F52227B2835C00159242 /* Movie.swift */ = {isa = PBXFileReference; lastKnownFileType = sourcecode.swift; path = Movie.swift; sourceTree = "<group>"; };
		74A0F52527B2A07D00159242 /* Constants.swift */ = {isa = PBXFileReference; lastKnownFileType = sourcecode.swift; path = Constants.swift; sourceTree = "<group>"; };
		74A0F52727B2A38200159242 /* NetworkManager.swift */ = {isa = PBXFileReference; lastKnownFileType = sourcecode.swift; path = NetworkManager.swift; sourceTree = "<group>"; };
		74A0F52927B2A52E00159242 /* MovieError.swift */ = {isa = PBXFileReference; lastKnownFileType = sourcecode.swift; path = MovieError.swift; sourceTree = "<group>"; };
		74AA4DE127BA940E0027A9A6 /* DetailMovieViewController.swift */ = {isa = PBXFileReference; lastKnownFileType = sourcecode.swift; path = DetailMovieViewController.swift; sourceTree = "<group>"; };
		74AAD18B27BE3BDC0010F7C3 /* MovieInfoStackView.swift */ = {isa = PBXFileReference; lastKnownFileType = sourcecode.swift; path = MovieInfoStackView.swift; sourceTree = "<group>"; };
		74AAD18D27BE47CA0010F7C3 /* SeperatorView.swift */ = {isa = PBXFileReference; lastKnownFileType = sourcecode.swift; path = SeperatorView.swift; sourceTree = "<group>"; };
		74AAD18F27BE54D40010F7C3 /* MoviewCrewStackView.swift */ = {isa = PBXFileReference; lastKnownFileType = sourcecode.swift; path = MoviewCrewStackView.swift; sourceTree = "<group>"; };
		74ABAA8A27B3A65200A18CC1 /* MovieListViewModel.swift */ = {isa = PBXFileReference; lastKnownFileType = sourcecode.swift; path = MovieListViewModel.swift; sourceTree = "<group>"; };
		74ABAA8E27B3B8A100A18CC1 /* MovieTableViewCell.swift */ = {isa = PBXFileReference; lastKnownFileType = sourcecode.swift; path = MovieTableViewCell.swift; sourceTree = "<group>"; };
		74ABAA9027B3B8DA00A18CC1 /* MovieTableViewCellViewModel.swift */ = {isa = PBXFileReference; lastKnownFileType = sourcecode.swift; path = MovieTableViewCellViewModel.swift; sourceTree = "<group>"; };
		74ABAA9427B3C5DB00A18CC1 /* ImageManager.swift */ = {isa = PBXFileReference; lastKnownFileType = sourcecode.swift; path = ImageManager.swift; sourceTree = "<group>"; };
		74ABAA9627B3C9A700A18CC1 /* MovieCollectionViewCellViewModel.swift */ = {isa = PBXFileReference; lastKnownFileType = sourcecode.swift; path = MovieCollectionViewCellViewModel.swift; sourceTree = "<group>"; };
		74ADA1CB27BCD35B001E29F8 /* UITableView + Extension.swift */ = {isa = PBXFileReference; lastKnownFileType = sourcecode.swift; path = "UITableView + Extension.swift"; sourceTree = "<group>"; };
		74ADA1D127BD0597001E29F8 /* UICollectionView + Extension.swift */ = {isa = PBXFileReference; lastKnownFileType = sourcecode.swift; path = "UICollectionView + Extension.swift"; sourceTree = "<group>"; };
		74AECA7327BF873000B5D32E /* TrailerVStackView.swift */ = {isa = PBXFileReference; lastKnownFileType = sourcecode.swift; path = TrailerVStackView.swift; sourceTree = "<group>"; };
		74AECA7527BF990900B5D32E /* TrailerHStackView.swift */ = {isa = PBXFileReference; lastKnownFileType = sourcecode.swift; path = TrailerHStackView.swift; sourceTree = "<group>"; };
		74AECA7727BFB0C800B5D32E /* WrapperView.swift */ = {isa = PBXFileReference; lastKnownFileType = sourcecode.swift; path = WrapperView.swift; sourceTree = "<group>"; };
		74B6616327BBA78800DA1143 /* DetailMovieViewControllerViewModel.swift */ = {isa = PBXFileReference; lastKnownFileType = sourcecode.swift; path = DetailMovieViewControllerViewModel.swift; sourceTree = "<group>"; };
/* End PBXFileReference section */

/* Begin PBXFrameworksBuildPhase section */
		74A0F4FB27B23AD000159242 /* Frameworks */ = {
			isa = PBXFrameworksBuildPhase;
			buildActionMask = 2147483647;
			files = (
			);
			runOnlyForDeploymentPostprocessing = 0;
		};
/* End PBXFrameworksBuildPhase section */

/* Begin PBXGroup section */
		74A0F4F527B23AD000159242 = {
			isa = PBXGroup;
			children = (
				74A0F50027B23AD000159242 /* MovieApp */,
				74A0F4FF27B23AD000159242 /* Products */,
			);
			sourceTree = "<group>";
		};
		74A0F4FF27B23AD000159242 /* Products */ = {
			isa = PBXGroup;
			children = (
				74A0F4FE27B23AD000159242 /* MovieApp.app */,
			);
			name = Products;
			sourceTree = "<group>";
		};
		74A0F50027B23AD000159242 /* MovieApp */ = {
			isa = PBXGroup;
			children = (
				74A0F51527B24D6400159242 /* MoviesList  */,
				74AA4DDF27BA93BB0027A9A6 /* Detail Movie */,
				74ADA1D527BD1224001E29F8 /* Services */,
				74ADA1CA27BCD2E3001E29F8 /* Native Extensions */,
				74A0F52527B2A07D00159242 /* Constants.swift */,
				74A0F51627B24D9500159242 /* Resources */,
				74A0F51727B24DA800159242 /* Supporting Files */,
			);
			path = MovieApp;
			sourceTree = "<group>";
		};
		74A0F51527B24D6400159242 /* MoviesList  */ = {
			isa = PBXGroup;
			children = (
				74A0F51927B2517400159242 /* View */,
				74A0F51A27B2518400159242 /* ViewModel */,
				74A0F51B27B2518E00159242 /* Model */,
			);
			path = "MoviesList ";
			sourceTree = "<group>";
		};
		74A0F51627B24D9500159242 /* Resources */ = {
			isa = PBXGroup;
			children = (
				74A0F50A27B23AD200159242 /* Assets.xcassets */,
			);
			path = Resources;
			sourceTree = "<group>";
		};
		74A0F51727B24DA800159242 /* Supporting Files */ = {
			isa = PBXGroup;
			children = (
				74A0F50127B23AD000159242 /* AppDelegate.swift */,
				74A0F50327B23AD000159242 /* SceneDelegate.swift */,
				74A0F50F27B23AD200159242 /* Info.plist */,
			);
			path = "Supporting Files";
			sourceTree = "<group>";
		};
		74A0F51927B2517400159242 /* View */ = {
			isa = PBXGroup;
			children = (
				74A0F52127B25FAF00159242 /* CollectionViewCells */,
				74A0F51C27B25C8100159242 /* TableViewCells */,
				74A0F50527B23AD000159242 /* MovieListViewController.swift */,
			);
			path = View;
			sourceTree = "<group>";
		};
		74A0F51A27B2518400159242 /* ViewModel */ = {
			isa = PBXGroup;
			children = (
				74ABAA8A27B3A65200A18CC1 /* MovieListViewModel.swift */,
				74ABAA9027B3B8DA00A18CC1 /* MovieTableViewCellViewModel.swift */,
				74ABAA9627B3C9A700A18CC1 /* MovieCollectionViewCellViewModel.swift */,
			);
			path = ViewModel;
			sourceTree = "<group>";
		};
		74A0F51B27B2518E00159242 /* Model */ = {
			isa = PBXGroup;
			children = (
				74A0F52227B2835C00159242 /* Movie.swift */,
				74A0F52927B2A52E00159242 /* MovieError.swift */,
			);
			path = Model;
			sourceTree = "<group>";
		};
		74A0F51C27B25C8100159242 /* TableViewCells */ = {
			isa = PBXGroup;
			children = (
				74ABAA8E27B3B8A100A18CC1 /* MovieTableViewCell.swift */,
			);
			path = TableViewCells;
			sourceTree = "<group>";
		};
		74A0F52127B25FAF00159242 /* CollectionViewCells */ = {
			isa = PBXGroup;
			children = (
				74A0F51F27B25F9B00159242 /* MoviesCollectionCell.swift */,
			);
			path = CollectionViewCells;
			sourceTree = "<group>";
		};
		74AA4DDF27BA93BB0027A9A6 /* Detail Movie */ = {
			isa = PBXGroup;
			children = (
				74AA4DE027BA93EF0027A9A6 /* View */,
				74B6616027BBA08D00DA1143 /* ViewModel */,
			);
			path = "Detail Movie";
			sourceTree = "<group>";
		};
		74AA4DE027BA93EF0027A9A6 /* View */ = {
			isa = PBXGroup;
			children = (
				74AA4DE127BA940E0027A9A6 /* DetailMovieViewController.swift */,
				74AAD18B27BE3BDC0010F7C3 /* MovieInfoStackView.swift */,
				74AAD18F27BE54D40010F7C3 /* MoviewCrewStackView.swift */,
				74AECA7327BF873000B5D32E /* TrailerVStackView.swift */,
				74AECA7527BF990900B5D32E /* TrailerHStackView.swift */,
				74AECA7727BFB0C800B5D32E /* WrapperView.swift */,
				74AAD18D27BE47CA0010F7C3 /* SeperatorView.swift */,
			);
			path = View;
			sourceTree = "<group>";
		};
		74ADA1CA27BCD2E3001E29F8 /* Native Extensions */ = {
			isa = PBXGroup;
			children = (
				74ADA1CB27BCD35B001E29F8 /* UITableView + Extension.swift */,
				74ADA1D127BD0597001E29F8 /* UICollectionView + Extension.swift */,
			);
			path = "Native Extensions";
			sourceTree = "<group>";
		};
		74ADA1D527BD1224001E29F8 /* Services */ = {
			isa = PBXGroup;
			children = (
				74A0F52727B2A38200159242 /* NetworkManager.swift */,
				74ABAA9427B3C5DB00A18CC1 /* ImageManager.swift */,
			);
			path = Services;
			sourceTree = "<group>";
		};
		74B6616027BBA08D00DA1143 /* ViewModel */ = {
			isa = PBXGroup;
			children = (
				74B6616327BBA78800DA1143 /* DetailMovieViewControllerViewModel.swift */,
			);
			path = ViewModel;
			sourceTree = "<group>";
		};
/* End PBXGroup section */

/* Begin PBXNativeTarget section */
		74A0F4FD27B23AD000159242 /* MovieApp */ = {
			isa = PBXNativeTarget;
			buildConfigurationList = 74A0F51227B23AD200159242 /* Build configuration list for PBXNativeTarget "MovieApp" */;
			buildPhases = (
				74A0F4FA27B23AD000159242 /* Sources */,
				74A0F4FB27B23AD000159242 /* Frameworks */,
				74A0F4FC27B23AD000159242 /* Resources */,
			);
			buildRules = (
			);
			dependencies = (
			);
			name = MovieApp;
			productName = MovieApp;
			productReference = 74A0F4FE27B23AD000159242 /* MovieApp.app */;
			productType = "com.apple.product-type.application";
		};
/* End PBXNativeTarget section */

/* Begin PBXProject section */
		74A0F4F627B23AD000159242 /* Project object */ = {
			isa = PBXProject;
			attributes = {
				LastSwiftUpdateCheck = 1250;
				LastUpgradeCheck = 1250;
				TargetAttributes = {
					74A0F4FD27B23AD000159242 = {
						CreatedOnToolsVersion = 12.5.1;
					};
				};
			};
			buildConfigurationList = 74A0F4F927B23AD000159242 /* Build configuration list for PBXProject "MovieApp" */;
			compatibilityVersion = "Xcode 9.3";
			developmentRegion = en;
			hasScannedForEncodings = 0;
			knownRegions = (
				en,
				Base,
			);
			mainGroup = 74A0F4F527B23AD000159242;
			productRefGroup = 74A0F4FF27B23AD000159242 /* Products */;
			projectDirPath = "";
			projectRoot = "";
			targets = (
				74A0F4FD27B23AD000159242 /* MovieApp */,
			);
		};
/* End PBXProject section */

/* Begin PBXResourcesBuildPhase section */
		74A0F4FC27B23AD000159242 /* Resources */ = {
			isa = PBXResourcesBuildPhase;
			buildActionMask = 2147483647;
			files = (
				74A0F50B27B23AD200159242 /* Assets.xcassets in Resources */,
			);
			runOnlyForDeploymentPostprocessing = 0;
		};
/* End PBXResourcesBuildPhase section */

/* Begin PBXSourcesBuildPhase section */
		74A0F4FA27B23AD000159242 /* Sources */ = {
			isa = PBXSourcesBuildPhase;
			buildActionMask = 2147483647;
			files = (
				74AECA7627BF990900B5D32E /* TrailerHStackView.swift in Sources */,
				74A0F52027B25F9B00159242 /* MoviesCollectionCell.swift in Sources */,
				74ADA1CC27BCD35B001E29F8 /* UITableView + Extension.swift in Sources */,
				74ABAA9727B3C9A700A18CC1 /* MovieCollectionViewCellViewModel.swift in Sources */,
				74ABAA9127B3B8DA00A18CC1 /* MovieTableViewCellViewModel.swift in Sources */,
				74A0F50627B23AD000159242 /* MovieListViewController.swift in Sources */,
				74A0F50227B23AD000159242 /* AppDelegate.swift in Sources */,
				74ADA1D227BD0597001E29F8 /* UICollectionView + Extension.swift in Sources */,
				74A0F52827B2A38200159242 /* NetworkManager.swift in Sources */,
				74B6616427BBA78800DA1143 /* DetailMovieViewControllerViewModel.swift in Sources */,
				74AA4DE227BA940E0027A9A6 /* DetailMovieViewController.swift in Sources */,
				74A0F52627B2A07D00159242 /* Constants.swift in Sources */,
				74AAD18E27BE47CA0010F7C3 /* SeperatorView.swift in Sources */,
				74A0F52A27B2A52E00159242 /* MovieError.swift in Sources */,
				74ABAA8B27B3A65200A18CC1 /* MovieListViewModel.swift in Sources */,
				74AAD19027BE54D40010F7C3 /* MoviewCrewStackView.swift in Sources */,
				74AECA7827BFB0C800B5D32E /* WrapperView.swift in Sources */,
				74ABAA9527B3C5DB00A18CC1 /* ImageManager.swift in Sources */,
				74A0F52327B2835C00159242 /* Movie.swift in Sources */,
				74AAD18C27BE3BDC0010F7C3 /* MovieInfoStackView.swift in Sources */,
				74A0F50427B23AD000159242 /* SceneDelegate.swift in Sources */,
				74ABAA8F27B3B8A100A18CC1 /* MovieTableViewCell.swift in Sources */,
				74AECA7427BF873000B5D32E /* TrailerVStackView.swift in Sources */,
			);
			runOnlyForDeploymentPostprocessing = 0;
		};
/* End PBXSourcesBuildPhase section */

/* Begin XCBuildConfiguration section */
		74A0F51027B23AD200159242 /* Debug */ = {
			isa = XCBuildConfiguration;
			buildSettings = {
				ALWAYS_SEARCH_USER_PATHS = NO;
				CLANG_ANALYZER_NONNULL = YES;
				CLANG_ANALYZER_NUMBER_OBJECT_CONVERSION = YES_AGGRESSIVE;
				CLANG_CXX_LANGUAGE_STANDARD = "gnu++14";
				CLANG_CXX_LIBRARY = "libc++";
				CLANG_ENABLE_MODULES = YES;
				CLANG_ENABLE_OBJC_ARC = YES;
				CLANG_ENABLE_OBJC_WEAK = YES;
				CLANG_WARN_BLOCK_CAPTURE_AUTORELEASING = YES;
				CLANG_WARN_BOOL_CONVERSION = YES;
				CLANG_WARN_COMMA = YES;
				CLANG_WARN_CONSTANT_CONVERSION = YES;
				CLANG_WARN_DEPRECATED_OBJC_IMPLEMENTATIONS = YES;
				CLANG_WARN_DIRECT_OBJC_ISA_USAGE = YES_ERROR;
				CLANG_WARN_DOCUMENTATION_COMMENTS = YES;
				CLANG_WARN_EMPTY_BODY = YES;
				CLANG_WARN_ENUM_CONVERSION = YES;
				CLANG_WARN_INFINITE_RECURSION = YES;
				CLANG_WARN_INT_CONVERSION = YES;
				CLANG_WARN_NON_LITERAL_NULL_CONVERSION = YES;
				CLANG_WARN_OBJC_IMPLICIT_RETAIN_SELF = YES;
				CLANG_WARN_OBJC_LITERAL_CONVERSION = YES;
				CLANG_WARN_OBJC_ROOT_CLASS = YES_ERROR;
				CLANG_WARN_QUOTED_INCLUDE_IN_FRAMEWORK_HEADER = YES;
				CLANG_WARN_RANGE_LOOP_ANALYSIS = YES;
				CLANG_WARN_STRICT_PROTOTYPES = YES;
				CLANG_WARN_SUSPICIOUS_MOVE = YES;
				CLANG_WARN_UNGUARDED_AVAILABILITY = YES_AGGRESSIVE;
				CLANG_WARN_UNREACHABLE_CODE = YES;
				CLANG_WARN__DUPLICATE_METHOD_MATCH = YES;
				COPY_PHASE_STRIP = NO;
				DEBUG_INFORMATION_FORMAT = dwarf;
				ENABLE_STRICT_OBJC_MSGSEND = YES;
				ENABLE_TESTABILITY = YES;
				GCC_C_LANGUAGE_STANDARD = gnu11;
				GCC_DYNAMIC_NO_PIC = NO;
				GCC_NO_COMMON_BLOCKS = YES;
				GCC_OPTIMIZATION_LEVEL = 0;
				GCC_PREPROCESSOR_DEFINITIONS = (
					"DEBUG=1",
					"$(inherited)",
				);
				GCC_WARN_64_TO_32_BIT_CONVERSION = YES;
				GCC_WARN_ABOUT_RETURN_TYPE = YES_ERROR;
				GCC_WARN_UNDECLARED_SELECTOR = YES;
				GCC_WARN_UNINITIALIZED_AUTOS = YES_AGGRESSIVE;
				GCC_WARN_UNUSED_FUNCTION = YES;
				GCC_WARN_UNUSED_VARIABLE = YES;
				IPHONEOS_DEPLOYMENT_TARGET = 14.5;
				MTL_ENABLE_DEBUG_INFO = INCLUDE_SOURCE;
				MTL_FAST_MATH = YES;
				ONLY_ACTIVE_ARCH = YES;
				SDKROOT = iphoneos;
				SWIFT_ACTIVE_COMPILATION_CONDITIONS = DEBUG;
				SWIFT_OPTIMIZATION_LEVEL = "-Onone";
			};
			name = Debug;
		};
		74A0F51127B23AD200159242 /* Release */ = {
			isa = XCBuildConfiguration;
			buildSettings = {
				ALWAYS_SEARCH_USER_PATHS = NO;
				CLANG_ANALYZER_NONNULL = YES;
				CLANG_ANALYZER_NUMBER_OBJECT_CONVERSION = YES_AGGRESSIVE;
				CLANG_CXX_LANGUAGE_STANDARD = "gnu++14";
				CLANG_CXX_LIBRARY = "libc++";
				CLANG_ENABLE_MODULES = YES;
				CLANG_ENABLE_OBJC_ARC = YES;
				CLANG_ENABLE_OBJC_WEAK = YES;
				CLANG_WARN_BLOCK_CAPTURE_AUTORELEASING = YES;
				CLANG_WARN_BOOL_CONVERSION = YES;
				CLANG_WARN_COMMA = YES;
				CLANG_WARN_CONSTANT_CONVERSION = YES;
				CLANG_WARN_DEPRECATED_OBJC_IMPLEMENTATIONS = YES;
				CLANG_WARN_DIRECT_OBJC_ISA_USAGE = YES_ERROR;
				CLANG_WARN_DOCUMENTATION_COMMENTS = YES;
				CLANG_WARN_EMPTY_BODY = YES;
				CLANG_WARN_ENUM_CONVERSION = YES;
				CLANG_WARN_INFINITE_RECURSION = YES;
				CLANG_WARN_INT_CONVERSION = YES;
				CLANG_WARN_NON_LITERAL_NULL_CONVERSION = YES;
				CLANG_WARN_OBJC_IMPLICIT_RETAIN_SELF = YES;
				CLANG_WARN_OBJC_LITERAL_CONVERSION = YES;
				CLANG_WARN_OBJC_ROOT_CLASS = YES_ERROR;
				CLANG_WARN_QUOTED_INCLUDE_IN_FRAMEWORK_HEADER = YES;
				CLANG_WARN_RANGE_LOOP_ANALYSIS = YES;
				CLANG_WARN_STRICT_PROTOTYPES = YES;
				CLANG_WARN_SUSPICIOUS_MOVE = YES;
				CLANG_WARN_UNGUARDED_AVAILABILITY = YES_AGGRESSIVE;
				CLANG_WARN_UNREACHABLE_CODE = YES;
				CLANG_WARN__DUPLICATE_METHOD_MATCH = YES;
				COPY_PHASE_STRIP = NO;
				DEBUG_INFORMATION_FORMAT = "dwarf-with-dsym";
				ENABLE_NS_ASSERTIONS = NO;
				ENABLE_STRICT_OBJC_MSGSEND = YES;
				GCC_C_LANGUAGE_STANDARD = gnu11;
				GCC_NO_COMMON_BLOCKS = YES;
				GCC_WARN_64_TO_32_BIT_CONVERSION = YES;
				GCC_WARN_ABOUT_RETURN_TYPE = YES_ERROR;
				GCC_WARN_UNDECLARED_SELECTOR = YES;
				GCC_WARN_UNINITIALIZED_AUTOS = YES_AGGRESSIVE;
				GCC_WARN_UNUSED_FUNCTION = YES;
				GCC_WARN_UNUSED_VARIABLE = YES;
				IPHONEOS_DEPLOYMENT_TARGET = 14.5;
				MTL_ENABLE_DEBUG_INFO = NO;
				MTL_FAST_MATH = YES;
				SDKROOT = iphoneos;
				SWIFT_COMPILATION_MODE = wholemodule;
				SWIFT_OPTIMIZATION_LEVEL = "-O";
				VALIDATE_PRODUCT = YES;
			};
			name = Release;
		};
		74A0F51327B23AD200159242 /* Debug */ = {
			isa = XCBuildConfiguration;
			buildSettings = {
				ASSETCATALOG_COMPILER_APPICON_NAME = AppIcon;
				ASSETCATALOG_COMPILER_GLOBAL_ACCENT_COLOR_NAME = AccentColor;
				CODE_SIGN_STYLE = Automatic;
				DEVELOPMENT_TEAM = G5P3M2D27A;
				INFOPLIST_FILE = "MovieApp/Supporting Files/Info.plist";
				LD_RUNPATH_SEARCH_PATHS = (
					"$(inherited)",
					"@executable_path/Frameworks",
				);
				PRODUCT_BUNDLE_IDENTIFIER = com.appsite.MovieApp;
				PRODUCT_NAME = "$(TARGET_NAME)";
				SWIFT_VERSION = 5.0;
				TARGETED_DEVICE_FAMILY = "1,2";
			};
			name = Debug;
		};
		74A0F51427B23AD200159242 /* Release */ = {
			isa = XCBuildConfiguration;
			buildSettings = {
				ASSETCATALOG_COMPILER_APPICON_NAME = AppIcon;
				ASSETCATALOG_COMPILER_GLOBAL_ACCENT_COLOR_NAME = AccentColor;
				CODE_SIGN_STYLE = Automatic;
				DEVELOPMENT_TEAM = G5P3M2D27A;
				INFOPLIST_FILE = "MovieApp/Supporting Files/Info.plist";
				LD_RUNPATH_SEARCH_PATHS = (
					"$(inherited)",
					"@executable_path/Frameworks",
				);
				PRODUCT_BUNDLE_IDENTIFIER = com.appsite.MovieApp;
				PRODUCT_NAME = "$(TARGET_NAME)";
				SWIFT_VERSION = 5.0;
				TARGETED_DEVICE_FAMILY = "1,2";
			};
			name = Release;
		};
/* End XCBuildConfiguration section */

/* Begin XCConfigurationList section */
		74A0F4F927B23AD000159242 /* Build configuration list for PBXProject "MovieApp" */ = {
			isa = XCConfigurationList;
			buildConfigurations = (
				74A0F51027B23AD200159242 /* Debug */,
				74A0F51127B23AD200159242 /* Release */,
			);
			defaultConfigurationIsVisible = 0;
			defaultConfigurationName = Release;
		};
		74A0F51227B23AD200159242 /* Build configuration list for PBXNativeTarget "MovieApp" */ = {
			isa = XCConfigurationList;
			buildConfigurations = (
				74A0F51327B23AD200159242 /* Debug */,
				74A0F51427B23AD200159242 /* Release */,
			);
			defaultConfigurationIsVisible = 0;
			defaultConfigurationName = Release;
		};
/* End XCConfigurationList section */
	};
	rootObject = 74A0F4F627B23AD000159242 /* Project object */;
}
